
Microsoft Visual Studio Solution File, Format Version 12.00
Project("{FAE04EC0-301F-11D3-BF4B-00C04F79EFBC}") = "AdSanity_MAUI", "AdSanity_MAUI.csproj", "{6B32ADE5-28FC-4767-8E11-9E9CD2B398F3}"
EndProject
Global
	GlobalSection(SolutionConfigurationPlatforms) = preSolution
		Debug|Any CPU = Debug|Any CPU
		Release|Any CPU = Release|Any CPU
	EndGlobalSection
	GlobalSection(ProjectConfigurationPlatforms) = postSolution
		{6B32ADE5-28FC-4767-8E11-9E9CD2B398F3}.Debug|Any CPU.ActiveCfg = Debug|Any CPU
		{6B32ADE5-28FC-4767-8E11-9E9CD2B398F3}.Debug|Any CPU.Build.0 = Debug|Any CPU
		{6B32ADE5-28FC-4767-8E11-9E9CD2B398F3}.Release|Any CPU.ActiveCfg = Release|Any CPU
		{6B32ADE5-28FC-4767-8E11-9E9CD2B398F3}.Release|Any CPU.Build.0 = Release|Any CPU
	EndGlobalSection
EndGlobal
